
Microsoft Visual Studio Solution File, Format Version 12.00
# Visual Studio Version 17
VisualStudioVersion = 17.14.36429.23 d17.14
MinimumVisualStudioVersion = 10.0.40219.1
Project("{FAE04EC0-301F-11D3-BF4B-00C04F79EFBC}") = "LibraryApp", "LibraryApp\LibraryApp.csproj", "{E73A2E1E-DF94-4500-AB34-F80FE00B797E}"
EndProject
Global
	GlobalSection(SolutionConfigurationPlatforms) = preSolution
		Debug|Any CPU = Debug|Any CPU
		Release|Any CPU = Release|Any CPU
	EndGlobalSection
	GlobalSection(ProjectConfigurationPlatforms) = postSolution
		{E73A2E1E-DF94-4500-AB34-F80FE00B797E}.Debug|Any CPU.ActiveCfg = Debug|Any CPU
		{E73A2E1E-DF94-4500-AB34-F80FE00B797E}.Debug|Any CPU.Build.0 = Debug|Any CPU
		{E73A2E1E-DF94-4500-AB34-F80FE00B797E}.Release|Any CPU.ActiveCfg = Release|Any CPU
		{E73A2E1E-DF94-4500-AB34-F80FE00B797E}.Release|Any CPU.Build.0 = Release|Any CPU
	EndGlobalSection
	GlobalSection(SolutionProperties) = preSolution
		HideSolutionNode = FALSE
	EndGlobalSection
	GlobalSection(ExtensibilityGlobals) = postSolution
		SolutionGuid = {4F0E64C7-2241-43EB-A716-6F1BF5CB80E3}
	EndGlobalSection
EndGlobal
